
Microsoft Visual Studio Solution File, Format Version 12.00
# Visual Studio 15
VisualStudioVersion = 15.0.27703.2018
MinimumVisualStudioVersion = 10.0.40219.1
Project("{FAE04EC0-301F-11D3-BF4B-00C04F79EFBC}") = "App3.Android", "App3\App3.Android\App3.Android.csproj", "{5FDBAC4A-8B9E-4A1A-9DFB-226C8AE4E72D}"
EndProject
Project("{FAE04EC0-301F-11D3-BF4B-00C04F79EFBC}") = "App3.iOS", "App3\App3.iOS\App3.iOS.csproj", "{881B10A0-4617-42B3-A3AA-D2F9257B943D}"
EndProject
Project("{FAE04EC0-301F-11D3-BF4B-00C04F79EFBC}") = "App3.UWP", "App3\App3.UWP\App3.UWP.csproj", "{179613FE-E28C-499C-8123-E6203DA2ED84}"
EndProject
Project("{FAE04EC0-301F-11D3-BF4B-00C04F79EFBC}") = "App3", "App3\App3\App3.csproj", "{2A9D48E5-F3DC-4DB1-83A9-D1603A00BA3C}"
EndProject
Global
	GlobalSection(SolutionConfigurationPlatforms) = preSolution
		Ad-Hoc|Any CPU = Ad-Hoc|Any CPU
		Ad-Hoc|ARM = Ad-Hoc|ARM
		Ad-Hoc|iPhone = Ad-Hoc|iPhone
		Ad-Hoc|iPhoneSimulator = Ad-Hoc|iPhoneSimulator
		Ad-Hoc|x64 = Ad-Hoc|x64
		Ad-Hoc|x86 = Ad-Hoc|x86
		AppStore|Any CPU = AppStore|Any CPU
		AppStore|ARM = AppStore|ARM
		AppStore|iPhone = AppStore|iPhone
		AppStore|iPhoneSimulator = AppStore|iPhoneSimulator
		AppStore|x64 = AppStore|x64
		AppStore|x86 = AppStore|x86
		Debug|Any CPU = Debug|Any CPU
		Debug|ARM = Debug|ARM
		Debug|iPhone = Debug|iPhone
		Debug|iPhoneSimulator = Debug|iPhoneSimulator
		Debug|x64 = Debug|x64
		Debug|x86 = Debug|x86
		Release|Any CPU = Release|Any CPU
		Release|ARM = Release|ARM
		Release|iPhone = Release|iPhone
		Release|iPhoneSimulator = Release|iPhoneSimulator
		Release|x64 = Release|x64
		Release|x86 = Release|x86
	EndGlobalSection
	GlobalSection(ProjectConfigurationPlatforms) = postSolution
		{5FDBAC4A-8B9E-4A1A-9DFB-226C8AE4E72D}.Ad-Hoc|Any CPU.ActiveCfg = Release|Any CPU
		{5FDBAC4A-8B9E-4A1A-9DFB-226C8AE4E72D}.Ad-Hoc|Any CPU.Build.0 = Release|Any CPU
		{5FDBAC4A-8B9E-4A1A-9DFB-226C8AE4E72D}.Ad-Hoc|Any CPU.Deploy.0 = Release|Any CPU
		{5FDBAC4A-8B9E-4A1A-9DFB-226C8AE4E72D}.Ad-Hoc|ARM.ActiveCfg = Release|Any CPU
		{5FDBAC4A-8B9E-4A1A-9DFB-226C8AE4E72D}.Ad-Hoc|ARM.Build.0 = Release|Any CPU
		{5FDBAC4A-8B9E-4A1A-9DFB-226C8AE4E72D}.Ad-Hoc|ARM.Deploy.0 = Release|Any CPU
		{5FDBAC4A-8B9E-4A1A-9DFB-226C8AE4E72D}.Ad-Hoc|iPhone.ActiveCfg = Release|Any CPU
		{5FDBAC4A-8B9E-4A1A-9DFB-226C8AE4E72D}.Ad-Hoc|iPhone.Build.0 = Release|Any CPU
		{5FDBAC4A-8B9E-4A1A-9DFB-226C8AE4E72D}.Ad-Hoc|iPhone.Deploy.0 = Release|Any CPU
		{5FDBAC4A-8B9E-4A1A-9DFB-226C8AE4E72D}.Ad-Hoc|iPhoneSimulator.ActiveCfg = Release|Any CPU
		{5FDBAC4A-8B9E-4A1A-9DFB-226C8AE4E72D}.Ad-Hoc|iPhoneSimulator.Build.0 = Release|Any CPU
		{5FDBAC4A-8B9E-4A1A-9DFB-226C8AE4E72D}.Ad-Hoc|iPhoneSimulator.Deploy.0 = Release|Any CPU
		{5FDBAC4A-8B9E-4A1A-9DFB-226C8AE4E72D}.Ad-Hoc|x64.ActiveCfg = Release|Any CPU
		{5FDBAC4A-8B9E-4A1A-9DFB-226C8AE4E72D}.Ad-Hoc|x64.Build.0 = Release|Any CPU
		{5FDBAC4A-8B9E-4A1A-9DFB-226C8AE4E72D}.Ad-Hoc|x64.Deploy.0 = Release|Any CPU
		{5FDBAC4A-8B9E-4A1A-9DFB-226C8AE4E72D}.Ad-Hoc|x86.ActiveCfg = Release|Any CPU
		{5FDBAC4A-8B9E-4A1A-9DFB-226C8AE4E72D}.Ad-Hoc|x86.Build.0 = Release|Any CPU
		{5FDBAC4A-8B9E-4A1A-9DFB-226C8AE4E72D}.Ad-Hoc|x86.Deploy.0 = Release|Any CPU
		{5FDBAC4A-8B9E-4A1A-9DFB-226C8AE4E72D}.AppStore|Any CPU.ActiveCfg = Release|Any CPU
		{5FDBAC4A-8B9E-4A1A-9DFB-226C8AE4E72D}.AppStore|Any CPU.Build.0 = Release|Any CPU
		{5FDBAC4A-8B9E-4A1A-9DFB-226C8AE4E72D}.AppStore|Any CPU.Deploy.0 = Release|Any CPU
		{5FDBAC4A-8B9E-4A1A-9DFB-226C8AE4E72D}.AppStore|ARM.ActiveCfg = Release|Any CPU
		{5FDBAC4A-8B9E-4A1A-9DFB-226C8AE4E72D}.AppStore|ARM.Build.0 = Release|Any CPU
		{5FDBAC4A-8B9E-4A1A-9DFB-226C8AE4E72D}.AppStore|ARM.Deploy.0 = Release|Any CPU
		{5FDBAC4A-8B9E-4A1A-9DFB-226C8AE4E72D}.AppStore|iPhone.ActiveCfg = Release|Any CPU
		{5FDBAC4A-8B9E-4A1A-9DFB-226C8AE4E72D}.AppStore|iPhone.Build.0 = Release|Any CPU
		{5FDBAC4A-8B9E-4A1A-9DFB-226C8AE4E72D}.AppStore|iPhone.Deploy.0 = Release|Any CPU
		{5FDBAC4A-8B9E-4A1A-9DFB-226C8AE4E72D}.AppStore|iPhoneSimulator.ActiveCfg = Release|Any CPU
		{5FDBAC4A-8B9E-4A1A-9DFB-226C8AE4E72D}.AppStore|iPhoneSimulator.Build.0 = Release|Any CPU
		{5FDBAC4A-8B9E-4A1A-9DFB-226C8AE4E72D}.AppStore|iPhoneSimulator.Deploy.0 = Release|Any CPU
		{5FDBAC4A-8B9E-4A1A-9DFB-226C8AE4E72D}.AppStore|x64.ActiveCfg = Release|Any CPU
		{5FDBAC4A-8B9E-4A1A-9DFB-226C8AE4E72D}.AppStore|x64.Build.0 = Release|Any CPU
		{5FDBAC4A-8B9E-4A1A-9DFB-226C8AE4E72D}.AppStore|x64.Deploy.0 = Release|Any CPU
		{5FDBAC4A-8B9E-4A1A-9DFB-226C8AE4E72D}.AppStore|x86.ActiveCfg = Release|Any CPU
		{5FDBAC4A-8B9E-4A1A-9DFB-226C8AE4E72D}.AppStore|x86.Build.0 = Release|Any CPU
		{5FDBAC4A-8B9E-4A1A-9DFB-226C8AE4E72D}.AppStore|x86.Deploy.0 = Release|Any CPU
		{5FDBAC4A-8B9E-4A1A-9DFB-226C8AE4E72D}.Debug|Any CPU.ActiveCfg = Debug|Any CPU
		{5FDBAC4A-8B9E-4A1A-9DFB-226C8AE4E72D}.Debug|Any CPU.Build.0 = Debug|Any CPU
		{5FDBAC4A-8B9E-4A1A-9DFB-226C8AE4E72D}.Debug|Any CPU.Deploy.0 = Debug|Any CPU
		{5FDBAC4A-8B9E-4A1A-9DFB-226C8AE4E72D}.Debug|ARM.ActiveCfg = Debug|Any CPU
		{5FDBAC4A-8B9E-4A1A-9DFB-226C8AE4E72D}.Debug|ARM.Build.0 = Debug|Any CPU
		{5FDBAC4A-8B9E-4A1A-9DFB-226C8AE4E72D}.Debug|ARM.Deploy.0 = Debug|Any CPU
		{5FDBAC4A-8B9E-4A1A-9DFB-226C8AE4E72D}.Debug|iPhone.ActiveCfg = Debug|Any CPU
		{5FDBAC4A-8B9E-4A1A-9DFB-226C8AE4E72D}.Debug|iPhone.Build.0 = Debug|Any CPU
		{5FDBAC4A-8B9E-4A1A-9DFB-226C8AE4E72D}.Debug|iPhone.Deploy.0 = Debug|Any CPU
		{5FDBAC4A-8B9E-4A1A-9DFB-226C8AE4E72D}.Debug|iPhoneSimulator.ActiveCfg = Debug|Any CPU
		{5FDBAC4A-8B9E-4A1A-9DFB-226C8AE4E72D}.Debug|iPhoneSimulator.Build.0 = Debug|Any CPU
		{5FDBAC4A-8B9E-4A1A-9DFB-226C8AE4E72D}.Debug|iPhoneSimulator.Deploy.0 = Debug|Any CPU
		{5FDBAC4A-8B9E-4A1A-9DFB-226C8AE4E72D}.Debug|x64.ActiveCfg = Debug|Any CPU
		{5FDBAC4A-8B9E-4A1A-9DFB-226C8AE4E72D}.Debug|x64.Build.0 = Debug|Any CPU
		{5FDBAC4A-8B9E-4A1A-9DFB-226C8AE4E72D}.Debug|x64.Deploy.0 = Debug|Any CPU
		{5FDBAC4A-8B9E-4A1A-9DFB-226C8AE4E72D}.Debug|x86.ActiveCfg = Debug|Any CPU
		{5FDBAC4A-8B9E-4A1A-9DFB-226C8AE4E72D}.Debug|x86.Build.0 = Debug|Any CPU
		{5FDBAC4A-8B9E-4A1A-9DFB-226C8AE4E72D}.Debug|x86.Deploy.0 = Debug|Any CPU
		{5FDBAC4A-8B9E-4A1A-9DFB-226C8AE4E72D}.Release|Any CPU.ActiveCfg = Release|Any CPU
		{5FDBAC4A-8B9E-4A1A-9DFB-226C8AE4E72D}.Release|Any CPU.Build.0 = Release|Any CPU
		{5FDBAC4A-8B9E-4A1A-9DFB-226C8AE4E72D}.Release|Any CPU.Deploy.0 = Release|Any CPU
		{5FDBAC4A-8B9E-4A1A-9DFB-226C8AE4E72D}.Release|ARM.ActiveCfg = Release|Any CPU
		{5FDBAC4A-8B9E-4A1A-9DFB-226C8AE4E72D}.Release|ARM.Build.0 = Release|Any CPU
		{5FDBAC4A-8B9E-4A1A-9DFB-226C8AE4E72D}.Release|ARM.Deploy.0 = Release|Any CPU
		{5FDBAC4A-8B9E-4A1A-9DFB-226C8AE4E72D}.Release|iPhone.ActiveCfg = Release|Any CPU
		{5FDBAC4A-8B9E-4A1A-9DFB-226C8AE4E72D}.Release|iPhone.Build.0 = Release|Any CPU
		{5FDBAC4A-8B9E-4A1A-9DFB-226C8AE4E72D}.Release|iPhone.Deploy.0 = Release|Any CPU
		{5FDBAC4A-8B9E-4A1A-9DFB-226C8AE4E72D}.Release|iPhoneSimulator.ActiveCfg = Release|Any CPU
		{5FDBAC4A-8B9E-4A1A-9DFB-226C8AE4E72D}.Release|iPhoneSimulator.Build.0 = Release|Any CPU
		{5FDBAC4A-8B9E-4A1A-9DFB-226C8AE4E72D}.Release|iPhoneSimulator.Deploy.0 = Release|Any CPU
		{5FDBAC4A-8B9E-4A1A-9DFB-226C8AE4E72D}.Release|x64.ActiveCfg = Release|Any CPU
		{5FDBAC4A-8B9E-4A1A-9DFB-226C8AE4E72D}.Release|x64.Build.0 = Release|Any CPU
		{5FDBAC4A-8B9E-4A1A-9DFB-226C8AE4E72D}.Release|x64.Deploy.0 = Release|Any CPU
		{5FDBAC4A-8B9E-4A1A-9DFB-226C8AE4E72D}.Release|x86.ActiveCfg = Release|Any CPU
		{5FDBAC4A-8B9E-4A1A-9DFB-226C8AE4E72D}.Release|x86.Build.0 = Release|Any CPU
		{5FDBAC4A-8B9E-4A1A-9DFB-226C8AE4E72D}.Release|x86.Deploy.0 = Release|Any CPU
		{881B10A0-4617-42B3-A3AA-D2F9257B943D}.Ad-Hoc|Any CPU.ActiveCfg = Ad-Hoc|iPhone
		{881B10A0-4617-42B3-A3AA-D2F9257B943D}.Ad-Hoc|Any CPU.Build.0 = Ad-Hoc|iPhone
		{881B10A0-4617-42B3-A3AA-D2F9257B943D}.Ad-Hoc|Any CPU.Deploy.0 = Ad-Hoc|iPhone
		{881B10A0-4617-42B3-A3AA-D2F9257B943D}.Ad-Hoc|ARM.ActiveCfg = Ad-Hoc|iPhone
		{881B10A0-4617-42B3-A3AA-D2F9257B943D}.Ad-Hoc|ARM.Build.0 = Ad-Hoc|iPhone
		{881B10A0-4617-42B3-A3AA-D2F9257B943D}.Ad-Hoc|ARM.Deploy.0 = Ad-Hoc|iPhone
		{881B10A0-4617-42B3-A3AA-D2F9257B943D}.Ad-Hoc|iPhone.ActiveCfg = Ad-Hoc|iPhone
		{881B10A0-4617-42B3-A3AA-D2F9257B943D}.Ad-Hoc|iPhone.Build.0 = Ad-Hoc|iPhone
		{881B10A0-4617-42B3-A3AA-D2F9257B943D}.Ad-Hoc|iPhone.Deploy.0 = Ad-Hoc|iPhone
		{881B10A0-4617-42B3-A3AA-D2F9257B943D}.Ad-Hoc|iPhoneSimulator.ActiveCfg = Ad-Hoc|iPhoneSimulator
		{881B10A0-4617-42B3-A3AA-D2F9257B943D}.Ad-Hoc|iPhoneSimulator.Build.0 = Ad-Hoc|iPhoneSimulator
		{881B10A0-4617-42B3-A3AA-D2F9257B943D}.Ad-Hoc|iPhoneSimulator.Deploy.0 = Ad-Hoc|iPhoneSimulator
		{881B10A0-4617-42B3-A3AA-D2F9257B943D}.Ad-Hoc|x64.ActiveCfg = Ad-Hoc|iPhone
		{881B10A0-4617-42B3-A3AA-D2F9257B943D}.Ad-Hoc|x64.Build.0 = Ad-Hoc|iPhone
		{881B10A0-4617-42B3-A3AA-D2F9257B943D}.Ad-Hoc|x64.Deploy.0 = Ad-Hoc|iPhone
		{881B10A0-4617-42B3-A3AA-D2F9257B943D}.Ad-Hoc|x86.ActiveCfg = Ad-Hoc|iPhone
		{881B10A0-4617-42B3-A3AA-D2F9257B943D}.Ad-Hoc|x86.Build.0 = Ad-Hoc|iPhone
		{881B10A0-4617-42B3-A3AA-D2F9257B943D}.Ad-Hoc|x86.Deploy.0 = Ad-Hoc|iPhone
		{881B10A0-4617-42B3-A3AA-D2F9257B943D}.AppStore|Any CPU.ActiveCfg = AppStore|iPhone
		{881B10A0-4617-42B3-A3AA-D2F9257B943D}.AppStore|Any CPU.Build.0 = AppStore|iPhone
		{881B10A0-4617-42B3-A3AA-D2F9257B943D}.AppStore|Any CPU.Deploy.0 = AppStore|iPhone
		{881B10A0-4617-42B3-A3AA-D2F9257B943D}.AppStore|ARM.ActiveCfg = AppStore|iPhone
		{881B10A0-4617-42B3-A3AA-D2F9257B943D}.AppStore|ARM.Build.0 = AppStore|iPhone
		{881B10A0-4617-42B3-A3AA-D2F9257B943D}.AppStore|ARM.Deploy.0 = AppStore|iPhone
		{881B10A0-4617-42B3-A3AA-D2F9257B943D}.AppStore|iPhone.ActiveCfg = AppStore|iPhone
		{881B10A0-4617-42B3-A3AA-D2F9257B943D}.AppStore|iPhone.Build.0 = AppStore|iPhone
		{881B10A0-4617-42B3-A3AA-D2F9257B943D}.AppStore|iPhone.Deploy.0 = AppStore|iPhone
		{881B10A0-4617-42B3-A3AA-D2F9257B943D}.AppStore|iPhoneSimulator.ActiveCfg = AppStore|iPhoneSimulator
		{881B10A0-4617-42B3-A3AA-D2F9257B943D}.AppStore|iPhoneSimulator.Build.0 = AppStore|iPhoneSimulator
		{881B10A0-4617-42B3-A3AA-D2F9257B943D}.AppStore|iPhoneSimulator.Deploy.0 = AppStore|iPhoneSimulator
		{881B10A0-4617-42B3-A3AA-D2F9257B943D}.AppStore|x64.ActiveCfg = AppStore|iPhone
		{881B10A0-4617-42B3-A3AA-D2F9257B943D}.AppStore|x64.Build.0 = AppStore|iPhone
		{881B10A0-4617-42B3-A3AA-D2F9257B943D}.AppStore|x64.Deploy.0 = AppStore|iPhone
		{881B10A0-4617-42B3-A3AA-D2F9257B943D}.AppStore|x86.ActiveCfg = AppStore|iPhone
		{881B10A0-4617-42B3-A3AA-D2F9257B943D}.AppStore|x86.Build.0 = AppStore|iPhone
		{881B10A0-4617-42B3-A3AA-D2F9257B943D}.AppStore|x86.Deploy.0 = AppStore|iPhone
		{881B10A0-4617-42B3-A3AA-D2F9257B943D}.Debug|Any CPU.ActiveCfg = Debug|iPhoneSimulator
		{881B10A0-4617-42B3-A3AA-D2F9257B943D}.Debug|Any CPU.Build.0 = Debug|iPhoneSimulator
		{881B10A0-4617-42B3-A3AA-D2F9257B943D}.Debug|Any CPU.Deploy.0 = Debug|iPhoneSimulator
		{881B10A0-4617-42B3-A3AA-D2F9257B943D}.Debug|ARM.ActiveCfg = Debug|iPhone
		{881B10A0-4617-42B3-A3AA-D2F9257B943D}.Debug|ARM.Build.0 = Debug|iPhone
		{881B10A0-4617-42B3-A3AA-D2F9257B943D}.Debug|ARM.Deploy.0 = Debug|iPhone
		{881B10A0-4617-42B3-A3AA-D2F9257B943D}.Debug|iPhone.ActiveCfg = Debug|iPhone
		{881B10A0-4617-42B3-A3AA-D2F9257B943D}.Debug|iPhone.Build.0 = Debug|iPhone
		{881B10A0-4617-42B3-A3AA-D2F9257B943D}.Debug|iPhone.Deploy.0 = Debug|iPhone
		{881B10A0-4617-42B3-A3AA-D2F9257B943D}.Debug|iPhoneSimulator.ActiveCfg = Debug|iPhoneSimulator
		{881B10A0-4617-42B3-A3AA-D2F9257B943D}.Debug|iPhoneSimulator.Build.0 = Debug|iPhoneSimulator
		{881B10A0-4617-42B3-A3AA-D2F9257B943D}.Debug|iPhoneSimulator.Deploy.0 = Debug|iPhoneSimulator
		{881B10A0-4617-42B3-A3AA-D2F9257B943D}.Debug|x64.ActiveCfg = Debug|iPhone
		{881B10A0-4617-42B3-A3AA-D2F9257B943D}.Debug|x64.Build.0 = Debug|iPhone
		{881B10A0-4617-42B3-A3AA-D2F9257B943D}.Debug|x64.Deploy.0 = Debug|iPhone
		{881B10A0-4617-42B3-A3AA-D2F9257B943D}.Debug|x86.ActiveCfg = Debug|iPhone
		{881B10A0-4617-42B3-A3AA-D2F9257B943D}.Debug|x86.Build.0 = Debug|iPhone
		{881B10A0-4617-42B3-A3AA-D2F9257B943D}.Debug|x86.Deploy.0 = Debug|iPhone
		{881B10A0-4617-42B3-A3AA-D2F9257B943D}.Release|Any CPU.ActiveCfg = Release|iPhone
		{881B10A0-4617-42B3-A3AA-D2F9257B943D}.Release|Any CPU.Build.0 = Release|iPhone
		{881B10A0-4617-42B3-A3AA-D2F9257B943D}.Release|Any CPU.Deploy.0 = Release|iPhone
		{881B10A0-4617-42B3-A3AA-D2F9257B943D}.Release|ARM.ActiveCfg = Release|iPhone
		{881B10A0-4617-42B3-A3AA-D2F9257B943D}.Release|ARM.Build.0 = Release|iPhone
		{881B10A0-4617-42B3-A3AA-D2F9257B943D}.Release|ARM.Deploy.0 = Release|iPhone
		{881B10A0-4617-42B3-A3AA-D2F9257B943D}.Release|iPhone.ActiveCfg = Release|iPhone
		{881B10A0-4617-42B3-A3AA-D2F9257B943D}.Release|iPhone.Build.0 = Release|iPhone
		{881B10A0-4617-42B3-A3AA-D2F9257B943D}.Release|iPhone.Deploy.0 = Release|iPhone
		{881B10A0-4617-42B3-A3AA-D2F9257B943D}.Release|iPhoneSimulator.ActiveCfg = Release|iPhoneSimulator
		{881B10A0-4617-42B3-A3AA-D2F9257B943D}.Release|iPhoneSimulator.Build.0 = Release|iPhoneSimulator
		{881B10A0-4617-42B3-A3AA-D2F9257B943D}.Release|iPhoneSimulator.Deploy.0 = Release|iPhoneSimulator
		{881B10A0-4617-42B3-A3AA-D2F9257B943D}.Release|x64.ActiveCfg = Release|iPhone
		{881B10A0-4617-42B3-A3AA-D2F9257B943D}.Release|x64.Build.0 = Release|iPhone
		{881B10A0-4617-42B3-A3AA-D2F9257B943D}.Release|x64.Deploy.0 = Release|iPhone
		{881B10A0-4617-42B3-A3AA-D2F9257B943D}.Release|x86.ActiveCfg = Release|iPhone
		{881B10A0-4617-42B3-A3AA-D2F9257B943D}.Release|x86.Build.0 = Release|iPhone
		{881B10A0-4617-42B3-A3AA-D2F9257B943D}.Release|x86.Deploy.0 = Release|iPhone
		{179613FE-E28C-499C-8123-E6203DA2ED84}.Ad-Hoc|Any CPU.ActiveCfg = Release|x86
		{179613FE-E28C-499C-8123-E6203DA2ED84}.Ad-Hoc|Any CPU.Build.0 = Release|x86
		{179613FE-E28C-499C-8123-E6203DA2ED84}.Ad-Hoc|Any CPU.Deploy.0 = Release|x86
		{179613FE-E28C-499C-8123-E6203DA2ED84}.Ad-Hoc|ARM.ActiveCfg = Release|ARM
		{179613FE-E28C-499C-8123-E6203DA2ED84}.Ad-Hoc|ARM.Build.0 = Release|ARM
		{179613FE-E28C-499C-8123-E6203DA2ED84}.Ad-Hoc|ARM.Deploy.0 = Release|ARM
		{179613FE-E28C-499C-8123-E6203DA2ED84}.Ad-Hoc|iPhone.ActiveCfg = Release|x86
		{179613FE-E28C-499C-8123-E6203DA2ED84}.Ad-Hoc|iPhone.Build.0 = Release|x86
		{179613FE-E28C-499C-8123-E6203DA2ED84}.Ad-Hoc|iPhone.Deploy.0 = Release|x86
		{179613FE-E28C-499C-8123-E6203DA2ED84}.Ad-Hoc|iPhoneSimulator.ActiveCfg = Release|x86
		{179613FE-E28C-499C-8123-E6203DA2ED84}.Ad-Hoc|iPhoneSimulator.Build.0 = Release|x86
		{179613FE-E28C-499C-8123-E6203DA2ED84}.Ad-Hoc|iPhoneSimulator.Deploy.0 = Release|x86
		{179613FE-E28C-499C-8123-E6203DA2ED84}.Ad-Hoc|x64.ActiveCfg = Release|x64
		{179613FE-E28C-499C-8123-E6203DA2ED84}.Ad-Hoc|x64.Build.0 = Release|x64
		{179613FE-E28C-499C-8123-E6203DA2ED84}.Ad-Hoc|x64.Deploy.0 = Release|x64
		{179613FE-E28C-499C-8123-E6203DA2ED84}.Ad-Hoc|x86.ActiveCfg = Release|x86
		{179613FE-E28C-499C-8123-E6203DA2ED84}.Ad-Hoc|x86.Build.0 = Release|x86
		{179613FE-E28C-499C-8123-E6203DA2ED84}.Ad-Hoc|x86.Deploy.0 = Release|x86
		{179613FE-E28C-499C-8123-E6203DA2ED84}.AppStore|Any CPU.ActiveCfg = Release|x86
		{179613FE-E28C-499C-8123-E6203DA2ED84}.AppStore|Any CPU.Build.0 = Release|x86
		{179613FE-E28C-499C-8123-E6203DA2ED84}.AppStore|Any CPU.Deploy.0 = Release|x86
		{179613FE-E28C-499C-8123-E6203DA2ED84}.AppStore|ARM.ActiveCfg = Release|ARM
		{179613FE-E28C-499C-8123-E6203DA2ED84}.AppStore|ARM.Build.0 = Release|ARM
		{179613FE-E28C-499C-8123-E6203DA2ED84}.AppStore|ARM.Deploy.0 = Release|ARM
		{179613FE-E28C-499C-8123-E6203DA2ED84}.AppStore|iPhone.ActiveCfg = Release|x86
		{179613FE-E28C-499C-8123-E6203DA2ED84}.AppStore|iPhone.Build.0 = Release|x86
		{179613FE-E28C-499C-8123-E6203DA2ED84}.AppStore|iPhone.Deploy.0 = Release|x86
		{179613FE-E28C-499C-8123-E6203DA2ED84}.AppStore|iPhoneSimulator.ActiveCfg = Release|x86
		{179613FE-E28C-499C-8123-E6203DA2ED84}.AppStore|iPhoneSimulator.Build.0 = Release|x86
		{179613FE-E28C-499C-8123-E6203DA2ED84}.AppStore|iPhoneSimulator.Deploy.0 = Release|x86
		{179613FE-E28C-499C-8123-E6203DA2ED84}.AppStore|x64.ActiveCfg = Release|x64
		{179613FE-E28C-499C-8123-E6203DA2ED84}.AppStore|x64.Build.0 = Release|x64
		{179613FE-E28C-499C-8123-E6203DA2ED84}.AppStore|x64.Deploy.0 = Release|x64
		{179613FE-E28C-499C-8123-E6203DA2ED84}.AppStore|x86.ActiveCfg = Release|x86
		{179613FE-E28C-499C-8123-E6203DA2ED84}.AppStore|x86.Build.0 = Release|x86
		{179613FE-E28C-499C-8123-E6203DA2ED84}.AppStore|x86.Deploy.0 = Release|x86
		{179613FE-E28C-499C-8123-E6203DA2ED84}.Debug|Any CPU.ActiveCfg = Debug|x86
		{179613FE-E28C-499C-8123-E6203DA2ED84}.Debug|Any CPU.Build.0 = Debug|x86
		{179613FE-E28C-499C-8123-E6203DA2ED84}.Debug|Any CPU.Deploy.0 = Debug|x86
		{179613FE-E28C-499C-8123-E6203DA2ED84}.Debug|ARM.ActiveCfg = Debug|ARM
		{179613FE-E28C-499C-8123-E6203DA2ED84}.Debug|ARM.Build.0 = Debug|ARM
		{179613FE-E28C-499C-8123-E6203DA2ED84}.Debug|ARM.Deploy.0 = Debug|ARM
		{179613FE-E28C-499C-8123-E6203DA2ED84}.Debug|iPhone.ActiveCfg = Debug|x86
		{179613FE-E28C-499C-8123-E6203DA2ED84}.Debug|iPhone.Build.0 = Debug|x86
		{179613FE-E28C-499C-8123-E6203DA2ED84}.Debug|iPhone.Deploy.0 = Debug|x86
		{179613FE-E28C-499C-8123-E6203DA2ED84}.Debug|iPhoneSimulator.ActiveCfg = Debug|x86
		{179613FE-E28C-499C-8123-E6203DA2ED84}.Debug|iPhoneSimulator.Build.0 = Debug|x86
		{179613FE-E28C-499C-8123-E6203DA2ED84}.Debug|iPhoneSimulator.Deploy.0 = Debug|x86
		{179613FE-E28C-499C-8123-E6203DA2ED84}.Debug|x64.ActiveCfg = Debug|x64
		{179613FE-E28C-499C-8123-E6203DA2ED84}.Debug|x64.Build.0 = Debug|x64
		{179613FE-E28C-499C-8123-E6203DA2ED84}.Debug|x64.Deploy.0 = Debug|x64
		{179613FE-E28C-499C-8123-E6203DA2ED84}.Debug|x86.ActiveCfg = Debug|x86
		{179613FE-E28C-499C-8123-E6203DA2ED84}.Debug|x86.Build.0 = Debug|x86
		{179613FE-E28C-499C-8123-E6203DA2ED84}.Debug|x86.Deploy.0 = Debug|x86
		{179613FE-E28C-499C-8123-E6203DA2ED84}.Release|Any CPU.ActiveCfg = Release|x86
		{179613FE-E28C-499C-8123-E6203DA2ED84}.Release|Any CPU.Build.0 = Release|x86
		{179613FE-E28C-499C-8123-E6203DA2ED84}.Release|Any CPU.Deploy.0 = Release|x86
		{179613FE-E28C-499C-8123-E6203DA2ED84}.Release|ARM.ActiveCfg = Release|ARM
		{179613FE-E28C-499C-8123-E6203DA2ED84}.Release|ARM.Build.0 = Release|ARM
		{179613FE-E28C-499C-8123-E6203DA2ED84}.Release|ARM.Deploy.0 = Release|ARM
		{179613FE-E28C-499C-8123-E6203DA2ED84}.Release|iPhone.ActiveCfg = Release|x86
		{179613FE-E28C-499C-8123-E6203DA2ED84}.Release|iPhone.Build.0 = Release|x86
		{179613FE-E28C-499C-8123-E6203DA2ED84}.Release|iPhone.Deploy.0 = Release|x86
		{179613FE-E28C-499C-8123-E6203DA2ED84}.Release|iPhoneSimulator.ActiveCfg = Release|x86
		{179613FE-E28C-499C-8123-E6203DA2ED84}.Release|iPhoneSimulator.Build.0 = Release|x86
		{179613FE-E28C-499C-8123-E6203DA2ED84}.Release|iPhoneSimulator.Deploy.0 = Release|x86
		{179613FE-E28C-499C-8123-E6203DA2ED84}.Release|x64.ActiveCfg = Release|x64
		{179613FE-E28C-499C-8123-E6203DA2ED84}.Release|x64.Build.0 = Release|x64
		{179613FE-E28C-499C-8123-E6203DA2ED84}.Release|x64.Deploy.0 = Release|x64
		{179613FE-E28C-499C-8123-E6203DA2ED84}.Release|x86.ActiveCfg = Release|x86
		{179613FE-E28C-499C-8123-E6203DA2ED84}.Release|x86.Build.0 = Release|x86
		{179613FE-E28C-499C-8123-E6203DA2ED84}.Release|x86.Deploy.0 = Release|x86
		{2A9D48E5-F3DC-4DB1-83A9-D1603A00BA3C}.Ad-Hoc|Any CPU.ActiveCfg = Debug|Any CPU
		{2A9D48E5-F3DC-4DB1-83A9-D1603A00BA3C}.Ad-Hoc|Any CPU.Build.0 = Debug|Any CPU
		{2A9D48E5-F3DC-4DB1-83A9-D1603A00BA3C}.Ad-Hoc|Any CPU.Deploy.0 = Debug|Any CPU
		{2A9D48E5-F3DC-4DB1-83A9-D1603A00BA3C}.Ad-Hoc|ARM.ActiveCfg = Debug|Any CPU
		{2A9D48E5-F3DC-4DB1-83A9-D1603A00BA3C}.Ad-Hoc|ARM.Build.0 = Debug|Any CPU
		{2A9D48E5-F3DC-4DB1-83A9-D1603A00BA3C}.Ad-Hoc|ARM.Deploy.0 = Debug|Any CPU
		{2A9D48E5-F3DC-4DB1-83A9-D1603A00BA3C}.Ad-Hoc|iPhone.ActiveCfg = Debug|Any CPU
		{2A9D48E5-F3DC-4DB1-83A9-D1603A00BA3C}.Ad-Hoc|iPhone.Build.0 = Debug|Any CPU
		{2A9D48E5-F3DC-4DB1-83A9-D1603A00BA3C}.Ad-Hoc|iPhone.Deploy.0 = Debug|Any CPU
		{2A9D48E5-F3DC-4DB1-83A9-D1603A00BA3C}.Ad-Hoc|iPhoneSimulator.ActiveCfg = Debug|Any CPU
		{2A9D48E5-F3DC-4DB1-83A9-D1603A00BA3C}.Ad-Hoc|iPhoneSimulator.Build.0 = Debug|Any CPU
		{2A9D48E5-F3DC-4DB1-83A9-D1603A00BA3C}.Ad-Hoc|iPhoneSimulator.Deploy.0 = Debug|Any CPU
		{2A9D48E5-F3DC-4DB1-83A9-D1603A00BA3C}.Ad-Hoc|x64.ActiveCfg = Debug|Any CPU
		{2A9D48E5-F3DC-4DB1-83A9-D1603A00BA3C}.Ad-Hoc|x64.Build.0 = Debug|Any CPU
		{2A9D48E5-F3DC-4DB1-83A9-D1603A00BA3C}.Ad-Hoc|x64.Deploy.0 = Debug|Any CPU
		{2A9D48E5-F3DC-4DB1-83A9-D1603A00BA3C}.Ad-Hoc|x86.ActiveCfg = Debug|Any CPU
		{2A9D48E5-F3DC-4DB1-83A9-D1603A00BA3C}.Ad-Hoc|x86.Build.0 = Debug|Any CPU
		{2A9D48E5-F3DC-4DB1-83A9-D1603A00BA3C}.Ad-Hoc|x86.Deploy.0 = Debug|Any CPU
		{2A9D48E5-F3DC-4DB1-83A9-D1603A00BA3C}.AppStore|Any CPU.ActiveCfg = Debug|Any CPU
		{2A9D48E5-F3DC-4DB1-83A9-D1603A00BA3C}.AppStore|Any CPU.Build.0 = Debug|Any CPU
		{2A9D48E5-F3DC-4DB1-83A9-D1603A00BA3C}.AppStore|Any CPU.Deploy.0 = Debug|Any CPU
		{2A9D48E5-F3DC-4DB1-83A9-D1603A00BA3C}.AppStore|ARM.ActiveCfg = Debug|Any CPU
		{2A9D48E5-F3DC-4DB1-83A9-D1603A00BA3C}.AppStore|ARM.Build.0 = Debug|Any CPU
		{2A9D48E5-F3DC-4DB1-83A9-D1603A00BA3C}.AppStore|ARM.Deploy.0 = Debug|Any CPU
		{2A9D48E5-F3DC-4DB1-83A9-D1603A00BA3C}.AppStore|iPhone.ActiveCfg = Debug|Any CPU
		{2A9D48E5-F3DC-4DB1-83A9-D1603A00BA3C}.AppStore|iPhone.Build.0 = Debug|Any CPU
		{2A9D48E5-F3DC-4DB1-83A9-D1603A00BA3C}.AppStore|iPhone.Deploy.0 = Debug|Any CPU
		{2A9D48E5-F3DC-4DB1-83A9-D1603A00BA3C}.AppStore|iPhoneSimulator.ActiveCfg = Debug|Any CPU
		{2A9D48E5-F3DC-4DB1-83A9-D1603A00BA3C}.AppStore|iPhoneSimulator.Build.0 = Debug|Any CPU
		{2A9D48E5-F3DC-4DB1-83A9-D1603A00BA3C}.AppStore|iPhoneSimulator.Deploy.0 = Debug|Any CPU
		{2A9D48E5-F3DC-4DB1-83A9-D1603A00BA3C}.AppStore|x64.ActiveCfg = Debug|Any CPU
		{2A9D48E5-F3DC-4DB1-83A9-D1603A00BA3C}.AppStore|x64.Build.0 = Debug|Any CPU
		{2A9D48E5-F3DC-4DB1-83A9-D1603A00BA3C}.AppStore|x64.Deploy.0 = Debug|Any CPU
		{2A9D48E5-F3DC-4DB1-83A9-D1603A00BA3C}.AppStore|x86.ActiveCfg = Debug|Any CPU
		{2A9D48E5-F3DC-4DB1-83A9-D1603A00BA3C}.AppStore|x86.Build.0 = Debug|Any CPU
		{2A9D48E5-F3DC-4DB1-83A9-D1603A00BA3C}.AppStore|x86.Deploy.0 = Debug|Any CPU
		{2A9D48E5-F3DC-4DB1-83A9-D1603A00BA3C}.Debug|Any CPU.ActiveCfg = Debug|Any CPU
		{2A9D48E5-F3DC-4DB1-83A9-D1603A00BA3C}.Debug|Any CPU.Build.0 = Debug|Any CPU
		{2A9D48E5-F3DC-4DB1-83A9-D1603A00BA3C}.Debug|Any CPU.Deploy.0 = Debug|Any CPU
		{2A9D48E5-F3DC-4DB1-83A9-D1603A00BA3C}.Debug|ARM.ActiveCfg = Debug|Any CPU
		{2A9D48E5-F3DC-4DB1-83A9-D1603A00BA3C}.Debug|ARM.Build.0 = Debug|Any CPU
		{2A9D48E5-F3DC-4DB1-83A9-D1603A00BA3C}.Debug|ARM.Deploy.0 = Debug|Any CPU
		{2A9D48E5-F3DC-4DB1-83A9-D1603A00BA3C}.Debug|iPhone.ActiveCfg = Debug|Any CPU
		{2A9D48E5-F3DC-4DB1-83A9-D1603A00BA3C}.Debug|iPhone.Build.0 = Debug|Any CPU
		{2A9D48E5-F3DC-4DB1-83A9-D1603A00BA3C}.Debug|iPhone.Deploy.0 = Debug|Any CPU
		{2A9D48E5-F3DC-4DB1-83A9-D1603A00BA3C}.Debug|iPhoneSimulator.ActiveCfg = Debug|Any CPU
		{2A9D48E5-F3DC-4DB1-83A9-D1603A00BA3C}.Debug|iPhoneSimulator.Build.0 = Debug|Any CPU
		{2A9D48E5-F3DC-4DB1-83A9-D1603A00BA3C}.Debug|iPhoneSimulator.Deploy.0 = Debug|Any CPU
		{2A9D48E5-F3DC-4DB1-83A9-D1603A00BA3C}.Debug|x64.ActiveCfg = Debug|Any CPU
		{2A9D48E5-F3DC-4DB1-83A9-D1603A00BA3C}.Debug|x64.Build.0 = Debug|Any CPU
		{2A9D48E5-F3DC-4DB1-83A9-D1603A00BA3C}.Debug|x64.Deploy.0 = Debug|Any CPU
		{2A9D48E5-F3DC-4DB1-83A9-D1603A00BA3C}.Debug|x86.ActiveCfg = Debug|Any CPU
		{2A9D48E5-F3DC-4DB1-83A9-D1603A00BA3C}.Debug|x86.Build.0 = Debug|Any CPU
		{2A9D48E5-F3DC-4DB1-83A9-D1603A00BA3C}.Debug|x86.Deploy.0 = Debug|Any CPU
		{2A9D48E5-F3DC-4DB1-83A9-D1603A00BA3C}.Release|Any CPU.ActiveCfg = Release|Any CPU
		{2A9D48E5-F3DC-4DB1-83A9-D1603A00BA3C}.Release|Any CPU.Build.0 = Release|Any CPU
		{2A9D48E5-F3DC-4DB1-83A9-D1603A00BA3C}.Release|Any CPU.Deploy.0 = Release|Any CPU
		{2A9D48E5-F3DC-4DB1-83A9-D1603A00BA3C}.Release|ARM.ActiveCfg = Release|Any CPU
		{2A9D48E5-F3DC-4DB1-83A9-D1603A00BA3C}.Release|ARM.Build.0 = Release|Any CPU
		{2A9D48E5-F3DC-4DB1-83A9-D1603A00BA3C}.Release|ARM.Deploy.0 = Release|Any CPU
		{2A9D48E5-F3DC-4DB1-83A9-D1603A00BA3C}.Release|iPhone.ActiveCfg = Release|Any CPU
		{2A9D48E5-F3DC-4DB1-83A9-D1603A00BA3C}.Release|iPhone.Build.0 = Release|Any CPU
		{2A9D48E5-F3DC-4DB1-83A9-D1603A00BA3C}.Release|iPhone.Deploy.0 = Release|Any CPU
		{2A9D48E5-F3DC-4DB1-83A9-D1603A00BA3C}.Release|iPhoneSimulator.ActiveCfg = Release|Any CPU
		{2A9D48E5-F3DC-4DB1-83A9-D1603A00BA3C}.Release|iPhoneSimulator.Build.0 = Release|Any CPU
		{2A9D48E5-F3DC-4DB1-83A9-D1603A00BA3C}.Release|iPhoneSimulator.Deploy.0 = Release|Any CPU
		{2A9D48E5-F3DC-4DB1-83A9-D1603A00BA3C}.Release|x64.ActiveCfg = Release|Any CPU
		{2A9D48E5-F3DC-4DB1-83A9-D1603A00BA3C}.Release|x64.Build.0 = Release|Any CPU
		{2A9D48E5-F3DC-4DB1-83A9-D1603A00BA3C}.Release|x64.Deploy.0 = Release|Any CPU
		{2A9D48E5-F3DC-4DB1-83A9-D1603A00BA3C}.Release|x86.ActiveCfg = Release|Any CPU
		{2A9D48E5-F3DC-4DB1-83A9-D1603A00BA3C}.Release|x86.Build.0 = Release|Any CPU
		{2A9D48E5-F3DC-4DB1-83A9-D1603A00BA3C}.Release|x86.Deploy.0 = Release|Any CPU
	EndGlobalSection
	GlobalSection(SolutionProperties) = preSolution
		HideSolutionNode = FALSE
	EndGlobalSection
	GlobalSection(ExtensibilityGlobals) = postSolution
		SolutionGuid = {2A80475D-D61F-4404-8FC4-93518B9FD886}
	EndGlobalSection
EndGlobal
